
Microsoft Visual Studio Solution File, Format Version 12.00
# Visual Studio 15
VisualStudioVersion = 15.0.27703.2018
MinimumVisualStudioVersion = 10.0.40219.1
Project("{8BC9CEB8-8B4A-11D0-8D11-00A0C91BC942}") = "StringStream", "StringStream\StringStream.vcxproj", "{E20C257E-341C-4EEB-9667-4429C62F01FF}"
EndProject
Global
	GlobalSection(SolutionConfigurationPlatforms) = preSolution
		Debug|x64 = Debug|x64
		Debug|x86 = Debug|x86
		Release|x64 = Release|x64
		Release|x86 = Release|x86
	EndGlobalSection
	GlobalSection(ProjectConfigurationPlatforms) = postSolution
		{E20C257E-341C-4EEB-9667-4429C62F01FF}.Debug|x64.ActiveCfg = Debug|x64
		{E20C257E-341C-4EEB-9667-4429C62F01FF}.Debug|x64.Build.0 = Debug|x64
		{E20C257E-341C-4EEB-9667-4429C62F01FF}.Debug|x86.ActiveCfg = Debug|Win32
		{E20C257E-341C-4EEB-9667-4429C62F01FF}.Debug|x86.Build.0 = Debug|Win32
		{E20C257E-341C-4EEB-9667-4429C62F01FF}.Release|x64.ActiveCfg = Release|x64
		{E20C257E-341C-4EEB-9667-4429C62F01FF}.Release|x64.Build.0 = Release|x64
		{E20C257E-341C-4EEB-9667-4429C62F01FF}.Release|x86.ActiveCfg = Release|Win32
		{E20C257E-341C-4EEB-9667-4429C62F01FF}.Release|x86.Build.0 = Release|Win32
	EndGlobalSection
	GlobalSection(SolutionProperties) = preSolution
		HideSolutionNode = FALSE
	EndGlobalSection
	GlobalSection(ExtensibilityGlobals) = postSolution
		SolutionGuid = {B1503E91-466E-4CD9-85FC-2A300E983F3B}
	EndGlobalSection
EndGlobal
